{
	"name": "nativescript-preferences",
	"version": "2.0.0",
	"lockfileVersion": 3,
	"requires": true,
	"packages": {
		"": {
			"name": "nativescript-preferences",
			"version": "2.0.0",
			"license": "Apache-2.0",
			"devDependencies": {
				"@nativescript/core": "~9.1.0",
				"@nativescript/types": "~9.1.0",
				"typescript": "~6.0.0"
			},
			"peerDependencies": {
				"@nativescript/core": "^9.0.0"
			}
		},
		"node_modules/@csstools/color-helpers": {
			"version": "5.1.0",
			"resolved": "https://registry.npmjs.org/@csstools/color-helpers/-/color-helpers-5.1.0.tgz",
			"integrity": "sha512-S11EXWJyy0Mz5SYvRmY8nJYTFFd1LCNV+7cXyAgQtOOuzb4EsgfqDufL+9esx72/eLhsRdGZwaldu/h+E4t4BA==",
			"dev": true,
			"funding": [
				{
					"type": "github",
					"url": "https://github.com/sponsors/csstools"
				},
				{
					"type": "opencollective",
					"url": "https://opencollective.com/csstools"
				}
			],
			"license": "MIT-0",
			"engines": {
				"node": ">=18"
			}
		},
		"node_modules/@csstools/css-calc": {
			"version": "2.1.4",
			"resolved": "https://registry.npmjs.org/@csstools/css-calc/-/css-calc-2.1.4.tgz",
			"integrity": "sha512-3N8oaj+0juUw/1H3YwmDDJXCgTB1gKU6Hc/bB502u9zR0q2vd786XJH9QfrKIEgFlZmhZiq6epXl4rHqhzsIgQ==",
			"dev": true,
			"funding": [
				{
					"type": "github",
					"url": "https://github.com/sponsors/csstools"
				},
				{
					"type": "opencollective",
					"url": "https://opencollective.com/csstools"
				}
			],
			"license": "MIT",
			"engines": {
				"node": ">=18"
			},
			"peerDependencies": {
				"@csstools/css-parser-algorithms": "^3.0.5",
				"@csstools/css-tokenizer": "^3.0.4"
			}
		},
		"node_modules/@csstools/css-color-parser": {
			"version": "3.1.0",
			"resolved": "https://registry.npmjs.org/@csstools/css-color-parser/-/css-color-parser-3.1.0.tgz",
			"integrity": "sha512-nbtKwh3a6xNVIp/VRuXV64yTKnb1IjTAEEh3irzS+HkKjAOYLTGNb9pmVNntZ8iVBHcWDA2Dof0QtPgFI1BaTA==",
			"dev": true,
			"funding": [
				{
					"type": "github",
					"url": "https://github.com/sponsors/csstools"
				},
				{
					"type": "opencollective",
					"url": "https://opencollective.com/csstools"
				}
			],
			"license": "MIT",
			"dependencies": {
				"@csstools/color-helpers": "^5.1.0",
				"@csstools/css-calc": "^2.1.4"
			},
			"engines": {
				"node": ">=18"
			},
			"peerDependencies": {
				"@csstools/css-parser-algorithms": "^3.0.5",
				"@csstools/css-tokenizer": "^3.0.4"
			}
		},
		"node_modules/@csstools/css-parser-algorithms": {
			"version": "3.0.5",
			"resolved": "https://registry.npmjs.org/@csstools/css-parser-algorithms/-/css-parser-algorithms-3.0.5.tgz",
			"integrity": "sha512-DaDeUkXZKjdGhgYaHNJTV9pV7Y9B3b644jCLs9Upc3VeNGg6LWARAT6O+Q+/COo+2gg/bM5rhpMAtf70WqfBdQ==",
			"dev": true,
			"funding": [
				{
					"type": "github",
					"url": "https://github.com/sponsors/csstools"
				},
				{
					"type": "opencollective",
					"url": "https://opencollective.com/csstools"
				}
			],
			"license": "MIT",
			"engines": {
				"node": ">=18"
			},
			"peerDependencies": {
				"@csstools/css-tokenizer": "^3.0.4"
			}
		},
		"node_modules/@csstools/css-tokenizer": {
			"version": "3.0.4",
			"resolved": "https://registry.npmjs.org/@csstools/css-tokenizer/-/css-tokenizer-3.0.4.tgz",
			"integrity": "sha512-Vd/9EVDiu6PPJt9yAh6roZP6El1xHrdvIVGjyBsHR0RYwNHgL7FJPyIIW4fANJNG6FtyZfvlRPpFI4ZM/lubvw==",
			"dev": true,
			"funding": [
				{
					"type": "github",
					"url": "https://github.com/sponsors/csstools"
				},
				{
					"type": "opencollective",
					"url": "https://opencollective.com/csstools"
				}
			],
			"license": "MIT",
			"engines": {
				"node": ">=18"
			}
		},
		"node_modules/@nativescript/core": {
			"version": "9.1.1",
			"resolved": "https://registry.npmjs.org/@nativescript/core/-/core-9.1.1.tgz",
			"integrity": "sha512-H33BI0GsHRLkMax8EPl7Tc7LrR8FZMenMRnnuufYdICzthWG3bFK382MtWrK1jX1QonNorCu9sf2HmD3s4OSrw==",
			"dev": true,
			"funding": [
				{
					"type": "opencollective",
					"url": "https://opencollective.com/NativeScript"
				},
				{
					"type": "github",
					"url": "https://github.com/sponsors/NativeScript"
				}
			],
			"hasInstallScript": true,
			"license": "Apache-2.0",
			"dependencies": {
				"@csstools/css-calc": "~2.1.4",
				"@csstools/css-color-parser": "^3.0.10",
				"@csstools/css-parser-algorithms": "^3.0.5",
				"@csstools/css-tokenizer": "^3.0.4",
				"@nativescript/hook": "~3.0.4",
				"acorn": "^8.15.0",
				"css-tree": "^3.1.0",
				"css-what": "^7.0.0",
				"emoji-regex": "^10.2.1",
				"source-map": "0.7.6",
				"source-map-js": "^1.2.1",
				"tslib": "^2.0.0"
			}
		},
		"node_modules/@nativescript/hook": {
			"version": "3.0.5",
			"resolved": "https://registry.npmjs.org/@nativescript/hook/-/hook-3.0.5.tgz",
			"integrity": "sha512-MzL7R/nPZU2qnvDWWuJ8RB7H3luEwANgFX/d/ILdg7bSYxl6uANCfzlueHnWgrQmBxu6dTkvPsFW2WNVUxlhUg==",
			"dev": true,
			"license": "Apache-2.0"
		},
		"node_modules/@nativescript/types": {
			"version": "9.1.1",
			"resolved": "https://registry.npmjs.org/@nativescript/types/-/types-9.1.1.tgz",
			"integrity": "sha512-O5QOF6xzobdbNubA7rJkVk6fm6nvXPOHlnBkzKzkbuiiJutphuutlXr2Y+ixEBIvloxd7CK1r6AXPao3zZpRTA==",
			"dev": true,
			"license": "Apache-2.0",
			"dependencies": {
				"@nativescript/types-android": "9.1.1",
				"@nativescript/types-ios": "9.1.1"
			}
		},
		"node_modules/@nativescript/types-android": {
			"version": "9.1.1",
			"resolved": "https://registry.npmjs.org/@nativescript/types-android/-/types-android-9.1.1.tgz",
			"integrity": "sha512-PGaTum9tyqyyza3QT21Z7WrRR1+nM7ITsq9EJiaShLArThJI0PD1ZuDO5IoUUvSQ+gTKU2nLiVMnFbU4s3FeeQ==",
			"dev": true,
			"license": "Apache-2.0"
		},
		"node_modules/@nativescript/types-ios": {
			"version": "9.1.1",
			"resolved": "https://registry.npmjs.org/@nativescript/types-ios/-/types-ios-9.1.1.tgz",
			"integrity": "sha512-V+2FPLyUYe4dhhr7DEdl6Wzmftwz7Ppxak2FZyXAsam6Kw1R+G13NyIsoV3kPV4KbAQhuc05buHZnYRHnBGx/w==",
			"dev": true,
			"license": "Apache-2.0"
		},
		"node_modules/acorn": {
			"version": "8.18.0",
			"resolved": "https://registry.npmjs.org/acorn/-/acorn-8.18.0.tgz",
			"integrity": "sha512-lGq+9yr1/GuAWaVYIHRjvvySG5/4VfKIvC8EWxStPdcDh/Ka7FG3twP6v4d5BkravUilhIAsG4Qj83t02LWUPQ==",
			"dev": true,
			"license": "MIT",
			"bin": {
				"acorn": "bin/acorn"
			},
			"engines": {
				"node": ">=0.4.0"
			}
		},
		"node_modules/css-tree": {
			"version": "3.2.1",
			"resolved": "https://registry.npmjs.org/css-tree/-/css-tree-3.2.1.tgz",
			"integrity": "sha512-X7sjQzceUhu1u7Y/ylrRZFU2FS6LRiFVp6rKLPg23y3x3c3DOKAwuXGDp+PAGjh6CSnCjYeAul8pcT8bAl+lSA==",
			"dev": true,
			"license": "MIT",
			"dependencies": {
				"mdn-data": "2.27.1",
				"source-map-js": "^1.2.1"
			},
			"engines": {
				"node": "^10 || ^12.20.0 || ^14.13.0 || >=15.0.0"
			}
		},
		"node_modules/css-what": {
			"version": "7.0.0",
			"resolved": "https://registry.npmjs.org/css-what/-/css-what-7.0.0.tgz",
			"integrity": "sha512-wD5oz5xibMOPHzy13CyGmogB3phdvcDaB5t0W/Nr5Z2O/agcB8YwOz6e2Lsp10pNDzBoDO9nVa3RGs/2BttpHQ==",
			"dev": true,
			"license": "BSD-2-Clause",
			"engines": {
				"node": ">= 6"
			},
			"funding": {
				"url": "https://github.com/sponsors/fb55"
			}
		},
		"node_modules/emoji-regex": {
			"version": "10.6.0",
			"resolved": "https://registry.npmjs.org/emoji-regex/-/emoji-regex-10.6.0.tgz",
			"integrity": "sha512-toUI84YS5YmxW219erniWD0CIVOo46xGKColeNQRgOzDorgBi1v4D71/OFzgD9GO2UGKIv1C3Sp8DAn0+j5w7A==",
			"dev": true,
			"license": "MIT"
		},
		"node_modules/mdn-data": {
			"version": "2.27.1",
			"resolved": "https://registry.npmjs.org/mdn-data/-/mdn-data-2.27.1.tgz",
			"integrity": "sha512-9Yubnt3e8A0OKwxYSXyhLymGW4sCufcLG6VdiDdUGVkPhpqLxlvP5vl1983gQjJl3tqbrM731mjaZaP68AgosQ==",
			"dev": true,
			"license": "CC0-1.0"
		},
		"node_modules/source-map": {
			"version": "0.7.6",
			"resolved": "https://registry.npmjs.org/source-map/-/source-map-0.7.6.tgz",
			"integrity": "sha512-i5uvt8C3ikiWeNZSVZNWcfZPItFQOsYTUAOkcUPGd8DqDy1uOUikjt5dG+uRlwyvR108Fb9DOd4GvXfT0N2/uQ==",
			"dev": true,
			"license": "BSD-3-Clause",
			"engines": {
				"node": ">= 12"
			}
		},
		"node_modules/source-map-js": {
			"version": "1.2.1",
			"resolved": "https://registry.npmjs.org/source-map-js/-/source-map-js-1.2.1.tgz",
			"integrity": "sha512-UXWMKhLOwVKb728IUtQPXxfYU+usdybtUrK/8uGE8CQMvrhOpwvzDBwj0QhSL7MQc7vIsISBG8VQ8+IDQxpfQA==",
			"dev": true,
			"license": "BSD-3-Clause",
			"engines": {
				"node": ">=0.10.0"
			}
		},
		"node_modules/tslib": {
			"version": "2.8.1",
			"resolved": "https://registry.npmjs.org/tslib/-/tslib-2.8.1.tgz",
			"integrity": "sha512-oJFu94HQb+KVduSUQL7wnpmqnfmLsOA/nAh6b6EH0wCEoK0/mPeXU6c3wKDV83MkOuHPRHtSXKKU99IBazS/2w==",
			"dev": true,
			"license": "0BSD"
		},
		"node_modules/typescript": {
			"version": "6.0.3",
			"resolved": "https://registry.npmjs.org/typescript/-/typescript-6.0.3.tgz",
			"integrity": "sha512-y2TvuxSZPDyQakkFRPZHKFm+KKVqIisdg9/CZwm9ftvKXLP8NRWj38/ODjNbr43SsoXqNuAisEf1GdCxqWcdBw==",
			"dev": true,
			"license": "Apache-2.0",
			"bin": {
				"tsc": "bin/tsc",
				"tsserver": "bin/tsserver"
			},
			"engines": {
				"node": ">=14.17"
			}
		}
	}
}
